{
  "name": "shared",
  "version": "0.0.1",
  "lockfileVersion": 1,
  "requires": true,
  "dependencies": {
    "@angular/material": {
      "version": "12.1.4",
      "resolved": "https://registry.npmjs.org/@angular/material/-/material-12.1.4.tgz",
      "integrity": "sha512-lfBuk+3fxOvyIf9PknVIIC1DxYOimru06FpXq74lNcrNZcX3qCdDe/KmNbR50Wy0aEC4cOPXxJuPqm7wT8z2vg==",
      "requires": {
        "tslib": "^2.2.0"
      },
      "dependencies": {
        "tslib": {
          "version": "2.3.0",
          "resolved": "https://registry.npmjs.org/tslib/-/tslib-2.3.0.tgz",
          "integrity": "sha512-N82ooyxVNm6h1riLCoyS9e3fuJ3AMG2zIZs2Gd1ATcSFjSA23Q0fzjjZeh0jbJvWVDZ0cJT8yaNNaaXHzueNjg=="
        }
      }
    }
  }
}
